
Microsoft Visual Studio Solution File, Format Version 12.00
# Visual Studio Version 16
VisualStudioVersion = 16.0.30413.136
MinimumVisualStudioVersion = 10.0.40219.1
Project("{FAE04EC0-301F-11D3-BF4B-00C04F79EFBC}") = "WindowsFormsApp1", "WindowsFormsApp1\WindowsFormsApp1.csproj", "{AED480C8-3521-49C3-9AE9-60C2C0466083}"
EndProject
Project("{FAE04EC0-301F-11D3-BF4B-00C04F79EFBC}") = "Medecina_C_SHARP", "C:\Users\Huawei-PC\source\repos\Medecina_C_SHARP\Medecina_C_SHARP\Medecina_C_SHARP.csproj", "{63446AF7-BFBD-4CA7-BF2A-231D329DEC9C}"
EndProject
Global
	GlobalSection(SolutionConfigurationPlatforms) = preSolution
		Debug|Any CPU = Debug|Any CPU
		Release|Any CPU = Release|Any CPU
	EndGlobalSection
	GlobalSection(ProjectConfigurationPlatforms) = postSolution
		{AED480C8-3521-49C3-9AE9-60C2C0466083}.Debug|Any CPU.ActiveCfg = Debug|Any CPU
		{AED480C8-3521-49C3-9AE9-60C2C0466083}.Debug|Any CPU.Build.0 = Debug|Any CPU
		{AED480C8-3521-49C3-9AE9-60C2C0466083}.Release|Any CPU.ActiveCfg = Release|Any CPU
		{AED480C8-3521-49C3-9AE9-60C2C0466083}.Release|Any CPU.Build.0 = Release|Any CPU
		{63446AF7-BFBD-4CA7-BF2A-231D329DEC9C}.Debug|Any CPU.ActiveCfg = Debug|Any CPU
		{63446AF7-BFBD-4CA7-BF2A-231D329DEC9C}.Debug|Any CPU.Build.0 = Debug|Any CPU
		{63446AF7-BFBD-4CA7-BF2A-231D329DEC9C}.Release|Any CPU.ActiveCfg = Release|Any CPU
		{63446AF7-BFBD-4CA7-BF2A-231D329DEC9C}.Release|Any CPU.Build.0 = Release|Any CPU
	EndGlobalSection
	GlobalSection(SolutionProperties) = preSolution
		HideSolutionNode = FALSE
	EndGlobalSection
	GlobalSection(ExtensibilityGlobals) = postSolution
		SolutionGuid = {6B403B10-71B5-4C3B-B898-09D221D97386}
	EndGlobalSection
EndGlobal
